
Microsoft Visual Studio Solution File, Format Version 11.00
# Visual Studio 2010
Project("{FAE04EC0-301F-11D3-BF4B-00C04F79EFBC}") = "Map Info", "Map Info\Map Info.csproj", "{CC03087E-3AC3-4257-AD1C-B77AA490A4D2}"
EndProject
Global
	GlobalSection(SolutionConfigurationPlatforms) = preSolution
		Debug|x86 = Debug|x86
		Release|x86 = Release|x86
	EndGlobalSection
	GlobalSection(ProjectConfigurationPlatforms) = postSolution
		{CC03087E-3AC3-4257-AD1C-B77AA490A4D2}.Debug|x86.ActiveCfg = Debug|x86
		{CC03087E-3AC3-4257-AD1C-B77AA490A4D2}.Debug|x86.Build.0 = Debug|x86
		{CC03087E-3AC3-4257-AD1C-B77AA490A4D2}.Release|x86.ActiveCfg = Release|x86
		{CC03087E-3AC3-4257-AD1C-B77AA490A4D2}.Release|x86.Build.0 = Release|x86
	EndGlobalSection
	GlobalSection(SolutionProperties) = preSolution
		HideSolutionNode = FALSE
	EndGlobalSection
EndGlobal
